
PODS:
- BlocksKit (1.8.1):
  - libffi
- TestFlightSDK (1.2)
- cocos2d (2.1.rc0)
- libffi (3.0.11)

DEPENDENCIES:
- BlocksKit
- TestFlightSDK (= 1.2)
- cocos2d

SPEC CHECKSUMS:
  BlocksKit: 18102744fd7c44b54f1e54ce6ffe9258bcb5df81
  TestFlightSDK: 29e194fb148e4861f92e4c1195b9697e1f3ad19a
  cocos2d: c6d26b9c0abdbb26bed2e771baf94ce6fa7dd523
  libffi: 8a1d9ba43c0c84b546b42c6f742714e73aa07ae1

COCOAPODS: 0.16.0
