// !$*UTF8*$!
{
	archiveVersion = 1;
	classes = {
	};
	objectVersion = 46;
	objects = {

/* Begin PBXBuildFile section */
		05739066DC7C48A18DB0F574 /* libPods.a in Frameworks */ = {isa = PBXBuildFile; fileRef = 50D2D2412C3E4BA196982D54 /* libPods.a */; };
		578D0DD016D4FF6A009478BF /* UIKit.framework in Frameworks */ = {isa = PBXBuildFile; fileRef = 578D0DCF16D4FF6A009478BF /* UIKit.framework */; };
		578D0DD216D4FF6A009478BF /* Foundation.framework in Frameworks */ = {isa = PBXBuildFile; fileRef = 578D0DD116D4FF6A009478BF /* Foundation.framework */; };
		578D0DD416D4FF6A009478BF /* CoreGraphics.framework in Frameworks */ = {isa = PBXBuildFile; fileRef = 578D0DD316D4FF6A009478BF /* CoreGraphics.framework */; };
		578D0DDA16D4FF6A009478BF /* InfoPlist.strings in Resources */ = {isa = PBXBuildFile; fileRef = 578D0DD816D4FF6A009478BF /* InfoPlist.strings */; };
		578D0DDC16D4FF6A009478BF /* main.m in Sources */ = {isa = PBXBuildFile; fileRef = 578D0DDB16D4FF6A009478BF /* main.m */; };
		578D0DE016D4FF6A009478BF /* MKAppDelegate.m in Sources */ = {isa = PBXBuildFile; fileRef = 578D0DDF16D4FF6A009478BF /* MKAppDelegate.m */; };
		578D0DE216D4FF6A009478BF /* Default.png in Resources */ = {isa = PBXBuildFile; fileRef = 578D0DE116D4FF6A009478BF /* Default.png */; };
		578D0DE416D4FF6A009478BF /* Default@2x.png in Resources */ = {isa = PBXBuildFile; fileRef = 578D0DE316D4FF6A009478BF /* Default@2x.png */; };
		578D0DE616D4FF6A009478BF /* Default-568h@2x.png in Resources */ = {isa = PBXBuildFile; fileRef = 578D0DE516D4FF6A009478BF /* Default-568h@2x.png */; };
		578D0DF116D5036F009478BF /* MKIntroLayer.m in Sources */ = {isa = PBXBuildFile; fileRef = 578D0DF016D5036F009478BF /* MKIntroLayer.m */; };
		578D0DF816D50634009478BF /* mushroom1.png in Resources */ = {isa = PBXBuildFile; fileRef = 578D0DF316D50634009478BF /* mushroom1.png */; };
		578D0DF916D50634009478BF /* mushroom2.png in Resources */ = {isa = PBXBuildFile; fileRef = 578D0DF416D50634009478BF /* mushroom2.png */; };
		578D0DFA16D50634009478BF /* mushroom3.png in Resources */ = {isa = PBXBuildFile; fileRef = 578D0DF516D50634009478BF /* mushroom3.png */; };
		578D0DFB16D50634009478BF /* mushroom4.png in Resources */ = {isa = PBXBuildFile; fileRef = 578D0DF616D50634009478BF /* mushroom4.png */; };
		578D0DFC16D50634009478BF /* mushroom5.png in Resources */ = {isa = PBXBuildFile; fileRef = 578D0DF716D50634009478BF /* mushroom5.png */; };
		578D0DFF16D9F1FD009478BF /* MKItem.m in Sources */ = {isa = PBXBuildFile; fileRef = 578D0DFE16D9F1FD009478BF /* MKItem.m */; };
		57C167B216D83A7100AF626F /* MKGameLayer.m in Sources */ = {isa = PBXBuildFile; fileRef = 57C167B116D83A7100AF626F /* MKGameLayer.m */; };
/* End PBXBuildFile section */

/* Begin PBXFileReference section */
		13C6215F8E284E6B9DF6683C /* Pods.xcconfig */ = {isa = PBXFileReference; includeInIndex = 1; lastKnownFileType = text.xcconfig; name = Pods.xcconfig; path = Pods/Pods.xcconfig; sourceTree = SOURCE_ROOT; };
		50D2D2412C3E4BA196982D54 /* libPods.a */ = {isa = PBXFileReference; explicitFileType = archive.ar; includeInIndex = 0; path = libPods.a; sourceTree = BUILT_PRODUCTS_DIR; };
		578D0DCC16D4FF6A009478BF /* momoKinokoGame.app */ = {isa = PBXFileReference; explicitFileType = wrapper.application; includeInIndex = 0; path = momoKinokoGame.app; sourceTree = BUILT_PRODUCTS_DIR; };
		578D0DCF16D4FF6A009478BF /* UIKit.framework */ = {isa = PBXFileReference; lastKnownFileType = wrapper.framework; name = UIKit.framework; path = System/Library/Frameworks/UIKit.framework; sourceTree = SDKROOT; };
		578D0DD116D4FF6A009478BF /* Foundation.framework */ = {isa = PBXFileReference; lastKnownFileType = wrapper.framework; name = Foundation.framework; path = System/Library/Frameworks/Foundation.framework; sourceTree = SDKROOT; };
		578D0DD316D4FF6A009478BF /* CoreGraphics.framework */ = {isa = PBXFileReference; lastKnownFileType = wrapper.framework; name = CoreGraphics.framework; path = System/Library/Frameworks/CoreGraphics.framework; sourceTree = SDKROOT; };
		578D0DD716D4FF6A009478BF /* momoKinokoGame-Info.plist */ = {isa = PBXFileReference; lastKnownFileType = text.plist.xml; path = "momoKinokoGame-Info.plist"; sourceTree = "<group>"; };
		578D0DD916D4FF6A009478BF /* en */ = {isa = PBXFileReference; lastKnownFileType = text.plist.strings; name = en; path = en.lproj/InfoPlist.strings; sourceTree = "<group>"; };
		578D0DDB16D4FF6A009478BF /* main.m */ = {isa = PBXFileReference; lastKnownFileType = sourcecode.c.objc; path = main.m; sourceTree = "<group>"; };
		578D0DDD16D4FF6A009478BF /* momoKinokoGame-Prefix.pch */ = {isa = PBXFileReference; lastKnownFileType = sourcecode.c.h; path = "momoKinokoGame-Prefix.pch"; sourceTree = "<group>"; };
		578D0DDE16D4FF6A009478BF /* MKAppDelegate.h */ = {isa = PBXFileReference; lastKnownFileType = sourcecode.c.h; path = MKAppDelegate.h; sourceTree = "<group>"; };
		578D0DDF16D4FF6A009478BF /* MKAppDelegate.m */ = {isa = PBXFileReference; lastKnownFileType = sourcecode.c.objc; path = MKAppDelegate.m; sourceTree = "<group>"; };
		578D0DE116D4FF6A009478BF /* Default.png */ = {isa = PBXFileReference; lastKnownFileType = image.png; path = Default.png; sourceTree = "<group>"; };
		578D0DE316D4FF6A009478BF /* Default@2x.png */ = {isa = PBXFileReference; lastKnownFileType = image.png; path = "Default@2x.png"; sourceTree = "<group>"; };
		578D0DE516D4FF6A009478BF /* Default-568h@2x.png */ = {isa = PBXFileReference; lastKnownFileType = image.png; path = "Default-568h@2x.png"; sourceTree = "<group>"; };
		578D0DEF16D5036F009478BF /* MKIntroLayer.h */ = {isa = PBXFileReference; fileEncoding = 4; lastKnownFileType = sourcecode.c.h; path = MKIntroLayer.h; sourceTree = "<group>"; };
		578D0DF016D5036F009478BF /* MKIntroLayer.m */ = {isa = PBXFileReference; fileEncoding = 4; lastKnownFileType = sourcecode.c.objc; path = MKIntroLayer.m; sourceTree = "<group>"; };
		578D0DF316D50634009478BF /* mushroom1.png */ = {isa = PBXFileReference; lastKnownFileType = image.png; name = mushroom1.png; path = Images/mushroom1.png; sourceTree = "<group>"; };
		578D0DF416D50634009478BF /* mushroom2.png */ = {isa = PBXFileReference; lastKnownFileType = image.png; name = mushroom2.png; path = Images/mushroom2.png; sourceTree = "<group>"; };
		578D0DF516D50634009478BF /* mushroom3.png */ = {isa = PBXFileReference; lastKnownFileType = image.png; name = mushroom3.png; path = Images/mushroom3.png; sourceTree = "<group>"; };
		578D0DF616D50634009478BF /* mushroom4.png */ = {isa = PBXFileReference; lastKnownFileType = image.png; name = mushroom4.png; path = Images/mushroom4.png; sourceTree = "<group>"; };
		578D0DF716D50634009478BF /* mushroom5.png */ = {isa = PBXFileReference; lastKnownFileType = image.png; name = mushroom5.png; path = Images/mushroom5.png; sourceTree = "<group>"; };
		578D0DFD16D9F1FD009478BF /* MKItem.h */ = {isa = PBXFileReference; fileEncoding = 4; lastKnownFileType = sourcecode.c.h; path = MKItem.h; sourceTree = "<group>"; };
		578D0DFE16D9F1FD009478BF /* MKItem.m */ = {isa = PBXFileReference; fileEncoding = 4; lastKnownFileType = sourcecode.c.objc; path = MKItem.m; sourceTree = "<group>"; };
		57C167B016D83A7100AF626F /* MKGameLayer.h */ = {isa = PBXFileReference; fileEncoding = 4; lastKnownFileType = sourcecode.c.h; path = MKGameLayer.h; sourceTree = "<group>"; };
		57C167B116D83A7100AF626F /* MKGameLayer.m */ = {isa = PBXFileReference; fileEncoding = 4; lastKnownFileType = sourcecode.c.objc; path = MKGameLayer.m; sourceTree = "<group>"; };
/* End PBXFileReference section */

/* Begin PBXFrameworksBuildPhase section */
		578D0DC916D4FF6A009478BF /* Frameworks */ = {
			isa = PBXFrameworksBuildPhase;
			buildActionMask = 2147483647;
			files = (
				578D0DD016D4FF6A009478BF /* UIKit.framework in Frameworks */,
				578D0DD216D4FF6A009478BF /* Foundation.framework in Frameworks */,
				578D0DD416D4FF6A009478BF /* CoreGraphics.framework in Frameworks */,
				05739066DC7C48A18DB0F574 /* libPods.a in Frameworks */,
			);
			runOnlyForDeploymentPostprocessing = 0;
		};
/* End PBXFrameworksBuildPhase section */

/* Begin PBXGroup section */
		578D0DC316D4FF6A009478BF = {
			isa = PBXGroup;
			children = (
				578D0DD516D4FF6A009478BF /* momoKinokoGame */,
				578D0DCE16D4FF6A009478BF /* Frameworks */,
				578D0DCD16D4FF6A009478BF /* Products */,
				13C6215F8E284E6B9DF6683C /* Pods.xcconfig */,
			);
			sourceTree = "<group>";
		};
		578D0DCD16D4FF6A009478BF /* Products */ = {
			isa = PBXGroup;
			children = (
				578D0DCC16D4FF6A009478BF /* momoKinokoGame.app */,
			);
			name = Products;
			sourceTree = "<group>";
		};
		578D0DCE16D4FF6A009478BF /* Frameworks */ = {
			isa = PBXGroup;
			children = (
				578D0DCF16D4FF6A009478BF /* UIKit.framework */,
				578D0DD116D4FF6A009478BF /* Foundation.framework */,
				578D0DD316D4FF6A009478BF /* CoreGraphics.framework */,
				50D2D2412C3E4BA196982D54 /* libPods.a */,
			);
			name = Frameworks;
			sourceTree = "<group>";
		};
		578D0DD516D4FF6A009478BF /* momoKinokoGame */ = {
			isa = PBXGroup;
			children = (
				578D0DDE16D4FF6A009478BF /* MKAppDelegate.h */,
				578D0DDF16D4FF6A009478BF /* MKAppDelegate.m */,
				578D0DD616D4FF6A009478BF /* Supporting Files */,
				578D0DEF16D5036F009478BF /* MKIntroLayer.h */,
				578D0DF016D5036F009478BF /* MKIntroLayer.m */,
				57C167B016D83A7100AF626F /* MKGameLayer.h */,
				57C167B116D83A7100AF626F /* MKGameLayer.m */,
				578D0DFD16D9F1FD009478BF /* MKItem.h */,
				578D0DFE16D9F1FD009478BF /* MKItem.m */,
			);
			path = momoKinokoGame;
			sourceTree = "<group>";
		};
		578D0DD616D4FF6A009478BF /* Supporting Files */ = {
			isa = PBXGroup;
			children = (
				578D0DF216D505C1009478BF /* Images */,
				578D0DD716D4FF6A009478BF /* momoKinokoGame-Info.plist */,
				578D0DD816D4FF6A009478BF /* InfoPlist.strings */,
				578D0DDB16D4FF6A009478BF /* main.m */,
				578D0DDD16D4FF6A009478BF /* momoKinokoGame-Prefix.pch */,
				578D0DE116D4FF6A009478BF /* Default.png */,
				578D0DE316D4FF6A009478BF /* Default@2x.png */,
				578D0DE516D4FF6A009478BF /* Default-568h@2x.png */,
			);
			name = "Supporting Files";
			sourceTree = "<group>";
		};
		578D0DF216D505C1009478BF /* Images */ = {
			isa = PBXGroup;
			children = (
				578D0DF316D50634009478BF /* mushroom1.png */,
				578D0DF416D50634009478BF /* mushroom2.png */,
				578D0DF516D50634009478BF /* mushroom3.png */,
				578D0DF616D50634009478BF /* mushroom4.png */,
				578D0DF716D50634009478BF /* mushroom5.png */,
			);
			name = Images;
			sourceTree = "<group>";
		};
/* End PBXGroup section */

/* Begin PBXNativeTarget section */
		578D0DCB16D4FF6A009478BF /* momoKinokoGame */ = {
			isa = PBXNativeTarget;
			buildConfigurationList = 578D0DE916D4FF6A009478BF /* Build configuration list for PBXNativeTarget "momoKinokoGame" */;
			buildPhases = (
				578D0DC816D4FF6A009478BF /* Sources */,
				578D0DC916D4FF6A009478BF /* Frameworks */,
				578D0DCA16D4FF6A009478BF /* Resources */,
				6E2D7ADCFE194ECB9510405F /* Copy Pods Resources */,
			);
			buildRules = (
			);
			dependencies = (
			);
			name = momoKinokoGame;
			productName = momoKinokoGame;
			productReference = 578D0DCC16D4FF6A009478BF /* momoKinokoGame.app */;
			productType = "com.apple.product-type.application";
		};
/* End PBXNativeTarget section */

/* Begin PBXProject section */
		578D0DC416D4FF6A009478BF /* Project object */ = {
			isa = PBXProject;
			attributes = {
				CLASSPREFIX = MK;
				LastUpgradeCheck = 0460;
				ORGANIZATIONNAME = slightair;
			};
			buildConfigurationList = 578D0DC716D4FF6A009478BF /* Build configuration list for PBXProject "momoKinokoGame" */;
			compatibilityVersion = "Xcode 3.2";
			developmentRegion = English;
			hasScannedForEncodings = 0;
			knownRegions = (
				en,
			);
			mainGroup = 578D0DC316D4FF6A009478BF;
			productRefGroup = 578D0DCD16D4FF6A009478BF /* Products */;
			projectDirPath = "";
			projectRoot = "";
			targets = (
				578D0DCB16D4FF6A009478BF /* momoKinokoGame */,
			);
		};
/* End PBXProject section */

/* Begin PBXResourcesBuildPhase section */
		578D0DCA16D4FF6A009478BF /* Resources */ = {
			isa = PBXResourcesBuildPhase;
			buildActionMask = 2147483647;
			files = (
				578D0DDA16D4FF6A009478BF /* InfoPlist.strings in Resources */,
				578D0DE216D4FF6A009478BF /* Default.png in Resources */,
				578D0DE416D4FF6A009478BF /* Default@2x.png in Resources */,
				578D0DE616D4FF6A009478BF /* Default-568h@2x.png in Resources */,
				578D0DF816D50634009478BF /* mushroom1.png in Resources */,
				578D0DF916D50634009478BF /* mushroom2.png in Resources */,
				578D0DFA16D50634009478BF /* mushroom3.png in Resources */,
				578D0DFB16D50634009478BF /* mushroom4.png in Resources */,
				578D0DFC16D50634009478BF /* mushroom5.png in Resources */,
			);
			runOnlyForDeploymentPostprocessing = 0;
		};
/* End PBXResourcesBuildPhase section */

/* Begin PBXShellScriptBuildPhase section */
		6E2D7ADCFE194ECB9510405F /* Copy Pods Resources */ = {
			isa = PBXShellScriptBuildPhase;
			buildActionMask = 2147483647;
			files = (
			);
			inputPaths = (
			);
			name = "Copy Pods Resources";
			outputPaths = (
			);
			runOnlyForDeploymentPostprocessing = 0;
			shellPath = /bin/sh;
			shellScript = "\"${SRCROOT}/Pods/Pods-resources.sh\"\n";
		};
/* End PBXShellScriptBuildPhase section */

/* Begin PBXSourcesBuildPhase section */
		578D0DC816D4FF6A009478BF /* Sources */ = {
			isa = PBXSourcesBuildPhase;
			buildActionMask = 2147483647;
			files = (
				578D0DDC16D4FF6A009478BF /* main.m in Sources */,
				578D0DE016D4FF6A009478BF /* MKAppDelegate.m in Sources */,
				578D0DF116D5036F009478BF /* MKIntroLayer.m in Sources */,
				57C167B216D83A7100AF626F /* MKGameLayer.m in Sources */,
				578D0DFF16D9F1FD009478BF /* MKItem.m in Sources */,
			);
			runOnlyForDeploymentPostprocessing = 0;
		};
/* End PBXSourcesBuildPhase section */

/* Begin PBXVariantGroup section */
		578D0DD816D4FF6A009478BF /* InfoPlist.strings */ = {
			isa = PBXVariantGroup;
			children = (
				578D0DD916D4FF6A009478BF /* en */,
			);
			name = InfoPlist.strings;
			sourceTree = "<group>";
		};
/* End PBXVariantGroup section */

/* Begin XCBuildConfiguration section */
		578D0DE716D4FF6A009478BF /* Debug */ = {
			isa = XCBuildConfiguration;
			buildSettings = {
				ALWAYS_SEARCH_USER_PATHS = NO;
				CLANG_CXX_LANGUAGE_STANDARD = "gnu++0x";
				CLANG_CXX_LIBRARY = "libc++";
				CLANG_ENABLE_OBJC_ARC = YES;
				CLANG_WARN_CONSTANT_CONVERSION = YES;
				CLANG_WARN_EMPTY_BODY = YES;
				CLANG_WARN_ENUM_CONVERSION = YES;
				CLANG_WARN_INT_CONVERSION = YES;
				CLANG_WARN__DUPLICATE_METHOD_MATCH = YES;
				"CODE_SIGN_IDENTITY[sdk=iphoneos*]" = "iPhone Developer";
				COPY_PHASE_STRIP = NO;
				GCC_C_LANGUAGE_STANDARD = gnu99;
				GCC_DYNAMIC_NO_PIC = NO;
				GCC_OPTIMIZATION_LEVEL = 0;
				GCC_PREPROCESSOR_DEFINITIONS = (
					"DEBUG=1",
					"$(inherited)",
				);
				GCC_SYMBOLS_PRIVATE_EXTERN = NO;
				GCC_WARN_ABOUT_RETURN_TYPE = YES;
				GCC_WARN_UNINITIALIZED_AUTOS = YES;
				GCC_WARN_UNUSED_VARIABLE = YES;
				IPHONEOS_DEPLOYMENT_TARGET = 6.1;
				ONLY_ACTIVE_ARCH = YES;
				SDKROOT = iphoneos;
				TARGETED_DEVICE_FAMILY = "1,2";
			};
			name = Debug;
		};
		578D0DE816D4FF6A009478BF /* Release */ = {
			isa = XCBuildConfiguration;
			buildSettings = {
				ALWAYS_SEARCH_USER_PATHS = NO;
				CLANG_CXX_LANGUAGE_STANDARD = "gnu++0x";
				CLANG_CXX_LIBRARY = "libc++";
				CLANG_ENABLE_OBJC_ARC = YES;
				CLANG_WARN_CONSTANT_CONVERSION = YES;
				CLANG_WARN_EMPTY_BODY = YES;
				CLANG_WARN_ENUM_CONVERSION = YES;
				CLANG_WARN_INT_CONVERSION = YES;
				CLANG_WARN__DUPLICATE_METHOD_MATCH = YES;
				"CODE_SIGN_IDENTITY[sdk=iphoneos*]" = "iPhone Developer";
				COPY_PHASE_STRIP = YES;
				GCC_C_LANGUAGE_STANDARD = gnu99;
				GCC_WARN_ABOUT_RETURN_TYPE = YES;
				GCC_WARN_UNINITIALIZED_AUTOS = YES;
				GCC_WARN_UNUSED_VARIABLE = YES;
				IPHONEOS_DEPLOYMENT_TARGET = 6.1;
				OTHER_CFLAGS = "-DNS_BLOCK_ASSERTIONS=1";
				SDKROOT = iphoneos;
				TARGETED_DEVICE_FAMILY = "1,2";
				VALIDATE_PRODUCT = YES;
			};
			name = Release;
		};
		578D0DEA16D4FF6A009478BF /* Debug */ = {
			isa = XCBuildConfiguration;
			baseConfigurationReference = 13C6215F8E284E6B9DF6683C /* Pods.xcconfig */;
			buildSettings = {
				GCC_PRECOMPILE_PREFIX_HEADER = YES;
				GCC_PREFIX_HEADER = "momoKinokoGame/momoKinokoGame-Prefix.pch";
				INFOPLIST_FILE = "momoKinokoGame/momoKinokoGame-Info.plist";
				IPHONEOS_DEPLOYMENT_TARGET = 6.0;
				PRODUCT_NAME = "$(TARGET_NAME)";
				TARGETED_DEVICE_FAMILY = "1,2";
				WRAPPER_EXTENSION = app;
			};
			name = Debug;
		};
		578D0DEB16D4FF6A009478BF /* Release */ = {
			isa = XCBuildConfiguration;
			baseConfigurationReference = 13C6215F8E284E6B9DF6683C /* Pods.xcconfig */;
			buildSettings = {
				GCC_PRECOMPILE_PREFIX_HEADER = YES;
				GCC_PREFIX_HEADER = "momoKinokoGame/momoKinokoGame-Prefix.pch";
				INFOPLIST_FILE = "momoKinokoGame/momoKinokoGame-Info.plist";
				IPHONEOS_DEPLOYMENT_TARGET = 6.0;
				PRODUCT_NAME = "$(TARGET_NAME)";
				TARGETED_DEVICE_FAMILY = "1,2";
				WRAPPER_EXTENSION = app;
			};
			name = Release;
		};
/* End XCBuildConfiguration section */

/* Begin XCConfigurationList section */
		578D0DC716D4FF6A009478BF /* Build configuration list for PBXProject "momoKinokoGame" */ = {
			isa = XCConfigurationList;
			buildConfigurations = (
				578D0DE716D4FF6A009478BF /* Debug */,
				578D0DE816D4FF6A009478BF /* Release */,
			);
			defaultConfigurationIsVisible = 0;
			defaultConfigurationName = Release;
		};
		578D0DE916D4FF6A009478BF /* Build configuration list for PBXNativeTarget "momoKinokoGame" */ = {
			isa = XCConfigurationList;
			buildConfigurations = (
				578D0DEA16D4FF6A009478BF /* Debug */,
				578D0DEB16D4FF6A009478BF /* Release */,
			);
			defaultConfigurationIsVisible = 0;
			defaultConfigurationName = Release;
		};
/* End XCConfigurationList section */
	};
	rootObject = 578D0DC416D4FF6A009478BF /* Project object */;
}
