// !$*UTF8*$!
{
	archiveVersion = 1;
	classes = {
	};
	objectVersion = 46;
	objects = {

/* Begin PBXBuildFile section */
		05739066DC7C48A18DB0F574 /* libPods.a in Frameworks */ = {isa = PBXBuildFile; fileRef = 50D2D2412C3E4BA196982D54 /* libPods.a */; };
		575E060C16E571520036FE41 /* MKSpecialItem.m in Sources */ = {isa = PBXBuildFile; fileRef = 575E060B16E571520036FE41 /* MKSpecialItem.m */; };
		575E061216E6C2650036FE41 /* MKFreezeEffectLayer.m in Sources */ = {isa = PBXBuildFile; fileRef = 575E061116E6C2650036FE41 /* MKFreezeEffectLayer.m */; };
		575E061716ECC7020036FE41 /* magicalClock.png in Resources */ = {isa = PBXBuildFile; fileRef = 575E061316ECC7020036FE41 /* magicalClock.png */; };
		575E061816ECC7020036FE41 /* magicalClock-ipadhd.png in Resources */ = {isa = PBXBuildFile; fileRef = 575E061416ECC7020036FE41 /* magicalClock-ipadhd.png */; };
		575E061916ECC7020036FE41 /* magicalClock-ipad.png in Resources */ = {isa = PBXBuildFile; fileRef = 575E061516ECC7020036FE41 /* magicalClock-ipad.png */; };
		575E061A16ECC7020036FE41 /* magicalClock-hd.png in Resources */ = {isa = PBXBuildFile; fileRef = 575E061616ECC7020036FE41 /* magicalClock-hd.png */; };
		575E061F16ECCD910036FE41 /* peach3-hd.png in Resources */ = {isa = PBXBuildFile; fileRef = 575E061B16ECCD910036FE41 /* peach3-hd.png */; };
		575E062016ECCD910036FE41 /* peach3-ipadhd.png in Resources */ = {isa = PBXBuildFile; fileRef = 575E061C16ECCD910036FE41 /* peach3-ipadhd.png */; };
		575E062116ECCD910036FE41 /* peach3-ipad.png in Resources */ = {isa = PBXBuildFile; fileRef = 575E061D16ECCD910036FE41 /* peach3-ipad.png */; };
		575E062216ECCD910036FE41 /* peach3.png in Resources */ = {isa = PBXBuildFile; fileRef = 575E061E16ECCD910036FE41 /* peach3.png */; };
		577E252D16E308D2005A95AA /* background.png in Resources */ = {isa = PBXBuildFile; fileRef = 577E252C16E308D2005A95AA /* background.png */; };
		577E253016E37EAE005A95AA /* MKGameResultLayer.m in Sources */ = {isa = PBXBuildFile; fileRef = 577E252F16E37EAE005A95AA /* MKGameResultLayer.m */; };
		577E253216E40789005A95AA /* background-hd.png in Resources */ = {isa = PBXBuildFile; fileRef = 577E253116E40789005A95AA /* background-hd.png */; };
		577E253A16E40881005A95AA /* mushroom1-hd.png in Resources */ = {isa = PBXBuildFile; fileRef = 577E253316E40881005A95AA /* mushroom1-hd.png */; };
		577E253B16E40881005A95AA /* mushroom2-hd.png in Resources */ = {isa = PBXBuildFile; fileRef = 577E253416E40881005A95AA /* mushroom2-hd.png */; };
		577E253C16E40881005A95AA /* mushroom3-hd.png in Resources */ = {isa = PBXBuildFile; fileRef = 577E253516E40881005A95AA /* mushroom3-hd.png */; };
		577E253D16E40881005A95AA /* mushroom4-hd.png in Resources */ = {isa = PBXBuildFile; fileRef = 577E253616E40881005A95AA /* mushroom4-hd.png */; };
		577E253E16E40881005A95AA /* mushroom5-hd.png in Resources */ = {isa = PBXBuildFile; fileRef = 577E253716E40881005A95AA /* mushroom5-hd.png */; };
		577E253F16E40881005A95AA /* peach1-hd.png in Resources */ = {isa = PBXBuildFile; fileRef = 577E253816E40881005A95AA /* peach1-hd.png */; };
		577E254016E40881005A95AA /* peach2-hd.png in Resources */ = {isa = PBXBuildFile; fileRef = 577E253916E40881005A95AA /* peach2-hd.png */; };
		577E255116E40A82005A95AA /* background-ipad.png in Resources */ = {isa = PBXBuildFile; fileRef = 577E254116E40A7C005A95AA /* background-ipad.png */; };
		577E255216E40A82005A95AA /* background-ipadhd.png in Resources */ = {isa = PBXBuildFile; fileRef = 577E254216E40A7C005A95AA /* background-ipadhd.png */; };
		577E255316E40A82005A95AA /* mushroom1-ipad.png in Resources */ = {isa = PBXBuildFile; fileRef = 577E254316E40A7D005A95AA /* mushroom1-ipad.png */; };
		577E255416E40A82005A95AA /* mushroom1-ipadhd.png in Resources */ = {isa = PBXBuildFile; fileRef = 577E254416E40A7D005A95AA /* mushroom1-ipadhd.png */; };
		577E255516E40A82005A95AA /* mushroom2-ipad.png in Resources */ = {isa = PBXBuildFile; fileRef = 577E254516E40A7E005A95AA /* mushroom2-ipad.png */; };
		577E255616E40A82005A95AA /* mushroom2-ipadhd.png in Resources */ = {isa = PBXBuildFile; fileRef = 577E254616E40A7E005A95AA /* mushroom2-ipadhd.png */; };
		577E255716E40A82005A95AA /* mushroom3-ipad.png in Resources */ = {isa = PBXBuildFile; fileRef = 577E254716E40A7F005A95AA /* mushroom3-ipad.png */; };
		577E255816E40A82005A95AA /* mushroom3-ipadhd.png in Resources */ = {isa = PBXBuildFile; fileRef = 577E254816E40A7F005A95AA /* mushroom3-ipadhd.png */; };
		577E255916E40A82005A95AA /* mushroom4-ipad.png in Resources */ = {isa = PBXBuildFile; fileRef = 577E254916E40A7F005A95AA /* mushroom4-ipad.png */; };
		577E255A16E40A82005A95AA /* mushroom4-ipadhd.png in Resources */ = {isa = PBXBuildFile; fileRef = 577E254A16E40A80005A95AA /* mushroom4-ipadhd.png */; };
		577E255B16E40A82005A95AA /* mushroom5-ipad.png in Resources */ = {isa = PBXBuildFile; fileRef = 577E254B16E40A80005A95AA /* mushroom5-ipad.png */; };
		577E255C16E40A82005A95AA /* mushroom5-ipadhd.png in Resources */ = {isa = PBXBuildFile; fileRef = 577E254C16E40A80005A95AA /* mushroom5-ipadhd.png */; };
		577E255D16E40A82005A95AA /* peach1-ipad.png in Resources */ = {isa = PBXBuildFile; fileRef = 577E254D16E40A81005A95AA /* peach1-ipad.png */; };
		577E255E16E40A82005A95AA /* peach1-ipadhd.png in Resources */ = {isa = PBXBuildFile; fileRef = 577E254E16E40A81005A95AA /* peach1-ipadhd.png */; };
		577E255F16E40A82005A95AA /* peach2-ipad.png in Resources */ = {isa = PBXBuildFile; fileRef = 577E254F16E40A81005A95AA /* peach2-ipad.png */; };
		577E256016E40A82005A95AA /* peach2-ipadhd.png in Resources */ = {isa = PBXBuildFile; fileRef = 577E255016E40A82005A95AA /* peach2-ipadhd.png */; };
		577E256516E414AD005A95AA /* Icon-72.png in Resources */ = {isa = PBXBuildFile; fileRef = 577E256116E414AB005A95AA /* Icon-72.png */; };
		577E256616E414AD005A95AA /* Icon-72@2x.png in Resources */ = {isa = PBXBuildFile; fileRef = 577E256216E414AB005A95AA /* Icon-72@2x.png */; };
		577E256716E414AD005A95AA /* Icon.png in Resources */ = {isa = PBXBuildFile; fileRef = 577E256316E414AC005A95AA /* Icon.png */; };
		577E256816E414AD005A95AA /* Icon@2x.png in Resources */ = {isa = PBXBuildFile; fileRef = 577E256416E414AC005A95AA /* Icon@2x.png */; };
		577E256B16E41999005A95AA /* Default-Portrait@2x~ipad.png in Resources */ = {isa = PBXBuildFile; fileRef = 577E256916E41998005A95AA /* Default-Portrait@2x~ipad.png */; };
		577E256C16E41999005A95AA /* Default-Portrait~ipad.png in Resources */ = {isa = PBXBuildFile; fileRef = 577E256A16E41999005A95AA /* Default-Portrait~ipad.png */; };
		577E256F16E41A31005A95AA /* Default-Landscape@2x~ipad.png in Resources */ = {isa = PBXBuildFile; fileRef = 577E256D16E41A2F005A95AA /* Default-Landscape@2x~ipad.png */; };
		577E257016E41A31005A95AA /* Default-Landscape~ipad.png in Resources */ = {isa = PBXBuildFile; fileRef = 577E256E16E41A30005A95AA /* Default-Landscape~ipad.png */; };
		578D0DD016D4FF6A009478BF /* UIKit.framework in Frameworks */ = {isa = PBXBuildFile; fileRef = 578D0DCF16D4FF6A009478BF /* UIKit.framework */; };
		578D0DD216D4FF6A009478BF /* Foundation.framework in Frameworks */ = {isa = PBXBuildFile; fileRef = 578D0DD116D4FF6A009478BF /* Foundation.framework */; };
		578D0DD416D4FF6A009478BF /* CoreGraphics.framework in Frameworks */ = {isa = PBXBuildFile; fileRef = 578D0DD316D4FF6A009478BF /* CoreGraphics.framework */; };
		578D0DDA16D4FF6A009478BF /* InfoPlist.strings in Resources */ = {isa = PBXBuildFile; fileRef = 578D0DD816D4FF6A009478BF /* InfoPlist.strings */; };
		578D0DDC16D4FF6A009478BF /* main.m in Sources */ = {isa = PBXBuildFile; fileRef = 578D0DDB16D4FF6A009478BF /* main.m */; };
		578D0DE016D4FF6A009478BF /* MKAppDelegate.m in Sources */ = {isa = PBXBuildFile; fileRef = 578D0DDF16D4FF6A009478BF /* MKAppDelegate.m */; };
		578D0DE216D4FF6A009478BF /* Default.png in Resources */ = {isa = PBXBuildFile; fileRef = 578D0DE116D4FF6A009478BF /* Default.png */; };
		578D0DE416D4FF6A009478BF /* Default@2x.png in Resources */ = {isa = PBXBuildFile; fileRef = 578D0DE316D4FF6A009478BF /* Default@2x.png */; };
		578D0DE616D4FF6A009478BF /* Default-568h@2x.png in Resources */ = {isa = PBXBuildFile; fileRef = 578D0DE516D4FF6A009478BF /* Default-568h@2x.png */; };
		578D0DF116D5036F009478BF /* MKIntroLayer.m in Sources */ = {isa = PBXBuildFile; fileRef = 578D0DF016D5036F009478BF /* MKIntroLayer.m */; };
		578D0DF816D50634009478BF /* mushroom1.png in Resources */ = {isa = PBXBuildFile; fileRef = 578D0DF316D50634009478BF /* mushroom1.png */; };
		578D0DF916D50634009478BF /* mushroom2.png in Resources */ = {isa = PBXBuildFile; fileRef = 578D0DF416D50634009478BF /* mushroom2.png */; };
		578D0DFA16D50634009478BF /* mushroom3.png in Resources */ = {isa = PBXBuildFile; fileRef = 578D0DF516D50634009478BF /* mushroom3.png */; };
		578D0DFB16D50634009478BF /* mushroom4.png in Resources */ = {isa = PBXBuildFile; fileRef = 578D0DF616D50634009478BF /* mushroom4.png */; };
		578D0DFC16D50634009478BF /* mushroom5.png in Resources */ = {isa = PBXBuildFile; fileRef = 578D0DF716D50634009478BF /* mushroom5.png */; };
		578D0DFF16D9F1FD009478BF /* MKItem.m in Sources */ = {isa = PBXBuildFile; fileRef = 578D0DFE16D9F1FD009478BF /* MKItem.m */; };
		57C167B216D83A7100AF626F /* MKGameLayer.m in Sources */ = {isa = PBXBuildFile; fileRef = 57C167B116D83A7100AF626F /* MKGameLayer.m */; };
		57CCB35E16E1E33D00253B6A /* MKGameInfoLayer.m in Sources */ = {isa = PBXBuildFile; fileRef = 57CCB35D16E1E33D00253B6A /* MKGameInfoLayer.m */; };
		57CCB36116E1EB6100253B6A /* MKGameEngine.m in Sources */ = {isa = PBXBuildFile; fileRef = 57CCB36016E1EB6100253B6A /* MKGameEngine.m */; };
		57CCB36516E1F53100253B6A /* peach1.png in Resources */ = {isa = PBXBuildFile; fileRef = 57CCB36316E1F53100253B6A /* peach1.png */; };
		57CCB36616E1F53100253B6A /* peach2.png in Resources */ = {isa = PBXBuildFile; fileRef = 57CCB36416E1F53100253B6A /* peach2.png */; };
/* End PBXBuildFile section */

/* Begin PBXFileReference section */
		13C6215F8E284E6B9DF6683C /* Pods.xcconfig */ = {isa = PBXFileReference; includeInIndex = 1; lastKnownFileType = text.xcconfig; name = Pods.xcconfig; path = Pods/Pods.xcconfig; sourceTree = SOURCE_ROOT; };
		50D2D2412C3E4BA196982D54 /* libPods.a */ = {isa = PBXFileReference; explicitFileType = archive.ar; includeInIndex = 0; path = libPods.a; sourceTree = BUILT_PRODUCTS_DIR; };
		575E060A16E571520036FE41 /* MKSpecialItem.h */ = {isa = PBXFileReference; fileEncoding = 4; lastKnownFileType = sourcecode.c.h; path = MKSpecialItem.h; sourceTree = "<group>"; };
		575E060B16E571520036FE41 /* MKSpecialItem.m */ = {isa = PBXFileReference; fileEncoding = 4; lastKnownFileType = sourcecode.c.objc; path = MKSpecialItem.m; sourceTree = "<group>"; };
		575E061016E6C2650036FE41 /* MKFreezeEffectLayer.h */ = {isa = PBXFileReference; fileEncoding = 4; lastKnownFileType = sourcecode.c.h; path = MKFreezeEffectLayer.h; sourceTree = "<group>"; };
		575E061116E6C2650036FE41 /* MKFreezeEffectLayer.m */ = {isa = PBXFileReference; fileEncoding = 4; lastKnownFileType = sourcecode.c.objc; path = MKFreezeEffectLayer.m; sourceTree = "<group>"; };
		575E061316ECC7020036FE41 /* magicalClock.png */ = {isa = PBXFileReference; lastKnownFileType = image.png; name = magicalClock.png; path = Images/magicalClock.png; sourceTree = "<group>"; };
		575E061416ECC7020036FE41 /* magicalClock-ipadhd.png */ = {isa = PBXFileReference; lastKnownFileType = image.png; name = "magicalClock-ipadhd.png"; path = "Images/magicalClock-ipadhd.png"; sourceTree = "<group>"; };
		575E061516ECC7020036FE41 /* magicalClock-ipad.png */ = {isa = PBXFileReference; lastKnownFileType = image.png; name = "magicalClock-ipad.png"; path = "Images/magicalClock-ipad.png"; sourceTree = "<group>"; };
		575E061616ECC7020036FE41 /* magicalClock-hd.png */ = {isa = PBXFileReference; lastKnownFileType = image.png; name = "magicalClock-hd.png"; path = "Images/magicalClock-hd.png"; sourceTree = "<group>"; };
		575E061B16ECCD910036FE41 /* peach3-hd.png */ = {isa = PBXFileReference; lastKnownFileType = image.png; name = "peach3-hd.png"; path = "Images/peach3-hd.png"; sourceTree = "<group>"; };
		575E061C16ECCD910036FE41 /* peach3-ipadhd.png */ = {isa = PBXFileReference; lastKnownFileType = image.png; name = "peach3-ipadhd.png"; path = "Images/peach3-ipadhd.png"; sourceTree = "<group>"; };
		575E061D16ECCD910036FE41 /* peach3-ipad.png */ = {isa = PBXFileReference; lastKnownFileType = image.png; name = "peach3-ipad.png"; path = "Images/peach3-ipad.png"; sourceTree = "<group>"; };
		575E061E16ECCD910036FE41 /* peach3.png */ = {isa = PBXFileReference; lastKnownFileType = image.png; name = peach3.png; path = Images/peach3.png; sourceTree = "<group>"; };
		577E252C16E308D2005A95AA /* background.png */ = {isa = PBXFileReference; lastKnownFileType = image.png; name = background.png; path = Images/background.png; sourceTree = "<group>"; };
		577E252E16E37EAE005A95AA /* MKGameResultLayer.h */ = {isa = PBXFileReference; fileEncoding = 4; lastKnownFileType = sourcecode.c.h; path = MKGameResultLayer.h; sourceTree = "<group>"; };
		577E252F16E37EAE005A95AA /* MKGameResultLayer.m */ = {isa = PBXFileReference; fileEncoding = 4; lastKnownFileType = sourcecode.c.objc; path = MKGameResultLayer.m; sourceTree = "<group>"; };
		577E253116E40789005A95AA /* background-hd.png */ = {isa = PBXFileReference; lastKnownFileType = image.png; name = "background-hd.png"; path = "Images/background-hd.png"; sourceTree = "<group>"; };
		577E253316E40881005A95AA /* mushroom1-hd.png */ = {isa = PBXFileReference; lastKnownFileType = image.png; name = "mushroom1-hd.png"; path = "Images/mushroom1-hd.png"; sourceTree = "<group>"; };
		577E253416E40881005A95AA /* mushroom2-hd.png */ = {isa = PBXFileReference; lastKnownFileType = image.png; name = "mushroom2-hd.png"; path = "Images/mushroom2-hd.png"; sourceTree = "<group>"; };
		577E253516E40881005A95AA /* mushroom3-hd.png */ = {isa = PBXFileReference; lastKnownFileType = image.png; name = "mushroom3-hd.png"; path = "Images/mushroom3-hd.png"; sourceTree = "<group>"; };
		577E253616E40881005A95AA /* mushroom4-hd.png */ = {isa = PBXFileReference; lastKnownFileType = image.png; name = "mushroom4-hd.png"; path = "Images/mushroom4-hd.png"; sourceTree = "<group>"; };
		577E253716E40881005A95AA /* mushroom5-hd.png */ = {isa = PBXFileReference; lastKnownFileType = image.png; name = "mushroom5-hd.png"; path = "Images/mushroom5-hd.png"; sourceTree = "<group>"; };
		577E253816E40881005A95AA /* peach1-hd.png */ = {isa = PBXFileReference; lastKnownFileType = image.png; name = "peach1-hd.png"; path = "Images/peach1-hd.png"; sourceTree = "<group>"; };
		577E253916E40881005A95AA /* peach2-hd.png */ = {isa = PBXFileReference; lastKnownFileType = image.png; name = "peach2-hd.png"; path = "Images/peach2-hd.png"; sourceTree = "<group>"; };
		577E254116E40A7C005A95AA /* background-ipad.png */ = {isa = PBXFileReference; lastKnownFileType = image.png; name = "background-ipad.png"; path = "Images/background-ipad.png"; sourceTree = "<group>"; };
		577E254216E40A7C005A95AA /* background-ipadhd.png */ = {isa = PBXFileReference; lastKnownFileType = image.png; name = "background-ipadhd.png"; path = "Images/background-ipadhd.png"; sourceTree = "<group>"; };
		577E254316E40A7D005A95AA /* mushroom1-ipad.png */ = {isa = PBXFileReference; lastKnownFileType = image.png; name = "mushroom1-ipad.png"; path = "Images/mushroom1-ipad.png"; sourceTree = "<group>"; };
		577E254416E40A7D005A95AA /* mushroom1-ipadhd.png */ = {isa = PBXFileReference; lastKnownFileType = image.png; name = "mushroom1-ipadhd.png"; path = "Images/mushroom1-ipadhd.png"; sourceTree = "<group>"; };
		577E254516E40A7E005A95AA /* mushroom2-ipad.png */ = {isa = PBXFileReference; lastKnownFileType = image.png; name = "mushroom2-ipad.png"; path = "Images/mushroom2-ipad.png"; sourceTree = "<group>"; };
		577E254616E40A7E005A95AA /* mushroom2-ipadhd.png */ = {isa = PBXFileReference; lastKnownFileType = image.png; name = "mushroom2-ipadhd.png"; path = "Images/mushroom2-ipadhd.png"; sourceTree = "<group>"; };
		577E254716E40A7F005A95AA /* mushroom3-ipad.png */ = {isa = PBXFileReference; lastKnownFileType = image.png; name = "mushroom3-ipad.png"; path = "Images/mushroom3-ipad.png"; sourceTree = "<group>"; };
		577E254816E40A7F005A95AA /* mushroom3-ipadhd.png */ = {isa = PBXFileReference; lastKnownFileType = image.png; name = "mushroom3-ipadhd.png"; path = "Images/mushroom3-ipadhd.png"; sourceTree = "<group>"; };
		577E254916E40A7F005A95AA /* mushroom4-ipad.png */ = {isa = PBXFileReference; lastKnownFileType = image.png; name = "mushroom4-ipad.png"; path = "Images/mushroom4-ipad.png"; sourceTree = "<group>"; };
		577E254A16E40A80005A95AA /* mushroom4-ipadhd.png */ = {isa = PBXFileReference; lastKnownFileType = image.png; name = "mushroom4-ipadhd.png"; path = "Images/mushroom4-ipadhd.png"; sourceTree = "<group>"; };
		577E254B16E40A80005A95AA /* mushroom5-ipad.png */ = {isa = PBXFileReference; lastKnownFileType = image.png; name = "mushroom5-ipad.png"; path = "Images/mushroom5-ipad.png"; sourceTree = "<group>"; };
		577E254C16E40A80005A95AA /* mushroom5-ipadhd.png */ = {isa = PBXFileReference; lastKnownFileType = image.png; name = "mushroom5-ipadhd.png"; path = "Images/mushroom5-ipadhd.png"; sourceTree = "<group>"; };
		577E254D16E40A81005A95AA /* peach1-ipad.png */ = {isa = PBXFileReference; lastKnownFileType = image.png; name = "peach1-ipad.png"; path = "Images/peach1-ipad.png"; sourceTree = "<group>"; };
		577E254E16E40A81005A95AA /* peach1-ipadhd.png */ = {isa = PBXFileReference; lastKnownFileType = image.png; name = "peach1-ipadhd.png"; path = "Images/peach1-ipadhd.png"; sourceTree = "<group>"; };
		577E254F16E40A81005A95AA /* peach2-ipad.png */ = {isa = PBXFileReference; lastKnownFileType = image.png; name = "peach2-ipad.png"; path = "Images/peach2-ipad.png"; sourceTree = "<group>"; };
		577E255016E40A82005A95AA /* peach2-ipadhd.png */ = {isa = PBXFileReference; lastKnownFileType = image.png; name = "peach2-ipadhd.png"; path = "Images/peach2-ipadhd.png"; sourceTree = "<group>"; };
		577E256116E414AB005A95AA /* Icon-72.png */ = {isa = PBXFileReference; lastKnownFileType = image.png; path = "Icon-72.png"; sourceTree = "<group>"; };
		577E256216E414AB005A95AA /* Icon-72@2x.png */ = {isa = PBXFileReference; lastKnownFileType = image.png; path = "Icon-72@2x.png"; sourceTree = "<group>"; };
		577E256316E414AC005A95AA /* Icon.png */ = {isa = PBXFileReference; lastKnownFileType = image.png; path = Icon.png; sourceTree = "<group>"; };
		577E256416E414AC005A95AA /* Icon@2x.png */ = {isa = PBXFileReference; lastKnownFileType = image.png; path = "Icon@2x.png"; sourceTree = "<group>"; };
		577E256916E41998005A95AA /* Default-Portrait@2x~ipad.png */ = {isa = PBXFileReference; lastKnownFileType = image.png; path = "Default-Portrait@2x~ipad.png"; sourceTree = "<group>"; };
		577E256A16E41999005A95AA /* Default-Portrait~ipad.png */ = {isa = PBXFileReference; lastKnownFileType = image.png; path = "Default-Portrait~ipad.png"; sourceTree = "<group>"; };
		577E256D16E41A2F005A95AA /* Default-Landscape@2x~ipad.png */ = {isa = PBXFileReference; lastKnownFileType = image.png; path = "Default-Landscape@2x~ipad.png"; sourceTree = "<group>"; };
		577E256E16E41A30005A95AA /* Default-Landscape~ipad.png */ = {isa = PBXFileReference; lastKnownFileType = image.png; path = "Default-Landscape~ipad.png"; sourceTree = "<group>"; };
		578D0DCC16D4FF6A009478BF /* momoKinokoGame.app */ = {isa = PBXFileReference; explicitFileType = wrapper.application; includeInIndex = 0; path = momoKinokoGame.app; sourceTree = BUILT_PRODUCTS_DIR; };
		578D0DCF16D4FF6A009478BF /* UIKit.framework */ = {isa = PBXFileReference; lastKnownFileType = wrapper.framework; name = UIKit.framework; path = System/Library/Frameworks/UIKit.framework; sourceTree = SDKROOT; };
		578D0DD116D4FF6A009478BF /* Foundation.framework */ = {isa = PBXFileReference; lastKnownFileType = wrapper.framework; name = Foundation.framework; path = System/Library/Frameworks/Foundation.framework; sourceTree = SDKROOT; };
		578D0DD316D4FF6A009478BF /* CoreGraphics.framework */ = {isa = PBXFileReference; lastKnownFileType = wrapper.framework; name = CoreGraphics.framework; path = System/Library/Frameworks/CoreGraphics.framework; sourceTree = SDKROOT; };
		578D0DD716D4FF6A009478BF /* momoKinokoGame-Info.plist */ = {isa = PBXFileReference; lastKnownFileType = text.plist.xml; path = "momoKinokoGame-Info.plist"; sourceTree = "<group>"; };
		578D0DD916D4FF6A009478BF /* en */ = {isa = PBXFileReference; lastKnownFileType = text.plist.strings; name = en; path = en.lproj/InfoPlist.strings; sourceTree = "<group>"; };
		578D0DDB16D4FF6A009478BF /* main.m */ = {isa = PBXFileReference; lastKnownFileType = sourcecode.c.objc; path = main.m; sourceTree = "<group>"; };
		578D0DDD16D4FF6A009478BF /* momoKinokoGame-Prefix.pch */ = {isa = PBXFileReference; lastKnownFileType = sourcecode.c.h; path = "momoKinokoGame-Prefix.pch"; sourceTree = "<group>"; };
		578D0DDE16D4FF6A009478BF /* MKAppDelegate.h */ = {isa = PBXFileReference; lastKnownFileType = sourcecode.c.h; path = MKAppDelegate.h; sourceTree = "<group>"; };
		578D0DDF16D4FF6A009478BF /* MKAppDelegate.m */ = {isa = PBXFileReference; lastKnownFileType = sourcecode.c.objc; path = MKAppDelegate.m; sourceTree = "<group>"; };
		578D0DE116D4FF6A009478BF /* Default.png */ = {isa = PBXFileReference; lastKnownFileType = image.png; path = Default.png; sourceTree = "<group>"; };
		578D0DE316D4FF6A009478BF /* Default@2x.png */ = {isa = PBXFileReference; lastKnownFileType = image.png; path = "Default@2x.png"; sourceTree = "<group>"; };
		578D0DE516D4FF6A009478BF /* Default-568h@2x.png */ = {isa = PBXFileReference; lastKnownFileType = image.png; path = "Default-568h@2x.png"; sourceTree = "<group>"; };
		578D0DEF16D5036F009478BF /* MKIntroLayer.h */ = {isa = PBXFileReference; fileEncoding = 4; lastKnownFileType = sourcecode.c.h; path = MKIntroLayer.h; sourceTree = "<group>"; };
		578D0DF016D5036F009478BF /* MKIntroLayer.m */ = {isa = PBXFileReference; fileEncoding = 4; lastKnownFileType = sourcecode.c.objc; path = MKIntroLayer.m; sourceTree = "<group>"; };
		578D0DF316D50634009478BF /* mushroom1.png */ = {isa = PBXFileReference; lastKnownFileType = image.png; name = mushroom1.png; path = Images/mushroom1.png; sourceTree = "<group>"; };
		578D0DF416D50634009478BF /* mushroom2.png */ = {isa = PBXFileReference; lastKnownFileType = image.png; name = mushroom2.png; path = Images/mushroom2.png; sourceTree = "<group>"; };
		578D0DF516D50634009478BF /* mushroom3.png */ = {isa = PBXFileReference; lastKnownFileType = image.png; name = mushroom3.png; path = Images/mushroom3.png; sourceTree = "<group>"; };
		578D0DF616D50634009478BF /* mushroom4.png */ = {isa = PBXFileReference; lastKnownFileType = image.png; name = mushroom4.png; path = Images/mushroom4.png; sourceTree = "<group>"; };
		578D0DF716D50634009478BF /* mushroom5.png */ = {isa = PBXFileReference; lastKnownFileType = image.png; name = mushroom5.png; path = Images/mushroom5.png; sourceTree = "<group>"; };
		578D0DFD16D9F1FD009478BF /* MKItem.h */ = {isa = PBXFileReference; fileEncoding = 4; lastKnownFileType = sourcecode.c.h; path = MKItem.h; sourceTree = "<group>"; };
		578D0DFE16D9F1FD009478BF /* MKItem.m */ = {isa = PBXFileReference; fileEncoding = 4; lastKnownFileType = sourcecode.c.objc; path = MKItem.m; sourceTree = "<group>"; };
		57C167B016D83A7100AF626F /* MKGameLayer.h */ = {isa = PBXFileReference; fileEncoding = 4; lastKnownFileType = sourcecode.c.h; path = MKGameLayer.h; sourceTree = "<group>"; };
		57C167B116D83A7100AF626F /* MKGameLayer.m */ = {isa = PBXFileReference; fileEncoding = 4; lastKnownFileType = sourcecode.c.objc; path = MKGameLayer.m; sourceTree = "<group>"; };
		57CCB35C16E1E33D00253B6A /* MKGameInfoLayer.h */ = {isa = PBXFileReference; fileEncoding = 4; lastKnownFileType = sourcecode.c.h; path = MKGameInfoLayer.h; sourceTree = "<group>"; };
		57CCB35D16E1E33D00253B6A /* MKGameInfoLayer.m */ = {isa = PBXFileReference; fileEncoding = 4; lastKnownFileType = sourcecode.c.objc; path = MKGameInfoLayer.m; sourceTree = "<group>"; };
		57CCB35F16E1EB6100253B6A /* MKGameEngine.h */ = {isa = PBXFileReference; fileEncoding = 4; lastKnownFileType = sourcecode.c.h; path = MKGameEngine.h; sourceTree = "<group>"; };
		57CCB36016E1EB6100253B6A /* MKGameEngine.m */ = {isa = PBXFileReference; fileEncoding = 4; lastKnownFileType = sourcecode.c.objc; path = MKGameEngine.m; sourceTree = "<group>"; };
		57CCB36316E1F53100253B6A /* peach1.png */ = {isa = PBXFileReference; lastKnownFileType = image.png; name = peach1.png; path = Images/peach1.png; sourceTree = "<group>"; };
		57CCB36416E1F53100253B6A /* peach2.png */ = {isa = PBXFileReference; lastKnownFileType = image.png; name = peach2.png; path = Images/peach2.png; sourceTree = "<group>"; };
		57D4E4D616E0E6DA00D112F3 /* MKTestFlightToken.h */ = {isa = PBXFileReference; fileEncoding = 4; lastKnownFileType = sourcecode.c.h; path = MKTestFlightToken.h; sourceTree = "<group>"; };
/* End PBXFileReference section */

/* Begin PBXFrameworksBuildPhase section */
		578D0DC916D4FF6A009478BF /* Frameworks */ = {
			isa = PBXFrameworksBuildPhase;
			buildActionMask = 2147483647;
			files = (
				578D0DD016D4FF6A009478BF /* UIKit.framework in Frameworks */,
				578D0DD216D4FF6A009478BF /* Foundation.framework in Frameworks */,
				578D0DD416D4FF6A009478BF /* CoreGraphics.framework in Frameworks */,
				05739066DC7C48A18DB0F574 /* libPods.a in Frameworks */,
			);
			runOnlyForDeploymentPostprocessing = 0;
		};
/* End PBXFrameworksBuildPhase section */

/* Begin PBXGroup section */
		578D0DC316D4FF6A009478BF = {
			isa = PBXGroup;
			children = (
				578D0DD516D4FF6A009478BF /* momoKinokoGame */,
				578D0DCE16D4FF6A009478BF /* Frameworks */,
				578D0DCD16D4FF6A009478BF /* Products */,
				13C6215F8E284E6B9DF6683C /* Pods.xcconfig */,
			);
			sourceTree = "<group>";
		};
		578D0DCD16D4FF6A009478BF /* Products */ = {
			isa = PBXGroup;
			children = (
				578D0DCC16D4FF6A009478BF /* momoKinokoGame.app */,
			);
			name = Products;
			sourceTree = "<group>";
		};
		578D0DCE16D4FF6A009478BF /* Frameworks */ = {
			isa = PBXGroup;
			children = (
				578D0DCF16D4FF6A009478BF /* UIKit.framework */,
				578D0DD116D4FF6A009478BF /* Foundation.framework */,
				578D0DD316D4FF6A009478BF /* CoreGraphics.framework */,
				50D2D2412C3E4BA196982D54 /* libPods.a */,
			);
			name = Frameworks;
			sourceTree = "<group>";
		};
		578D0DD516D4FF6A009478BF /* momoKinokoGame */ = {
			isa = PBXGroup;
			children = (
				57D4E4D616E0E6DA00D112F3 /* MKTestFlightToken.h */,
				578D0DDE16D4FF6A009478BF /* MKAppDelegate.h */,
				578D0DDF16D4FF6A009478BF /* MKAppDelegate.m */,
				57CCB36216E1EB7300253B6A /* View */,
				578D0DD616D4FF6A009478BF /* Supporting Files */,
				57CCB35F16E1EB6100253B6A /* MKGameEngine.h */,
				57CCB36016E1EB6100253B6A /* MKGameEngine.m */,
			);
			path = momoKinokoGame;
			sourceTree = "<group>";
		};
		578D0DD616D4FF6A009478BF /* Supporting Files */ = {
			isa = PBXGroup;
			children = (
				578D0DF216D505C1009478BF /* Images */,
				578D0DD716D4FF6A009478BF /* momoKinokoGame-Info.plist */,
				578D0DD816D4FF6A009478BF /* InfoPlist.strings */,
				578D0DDB16D4FF6A009478BF /* main.m */,
				578D0DDD16D4FF6A009478BF /* momoKinokoGame-Prefix.pch */,
				578D0DE116D4FF6A009478BF /* Default.png */,
				578D0DE316D4FF6A009478BF /* Default@2x.png */,
				578D0DE516D4FF6A009478BF /* Default-568h@2x.png */,
				577E256916E41998005A95AA /* Default-Portrait@2x~ipad.png */,
				577E256A16E41999005A95AA /* Default-Portrait~ipad.png */,
				577E256D16E41A2F005A95AA /* Default-Landscape@2x~ipad.png */,
				577E256E16E41A30005A95AA /* Default-Landscape~ipad.png */,
				577E256116E414AB005A95AA /* Icon-72.png */,
				577E256216E414AB005A95AA /* Icon-72@2x.png */,
				577E256316E414AC005A95AA /* Icon.png */,
				577E256416E414AC005A95AA /* Icon@2x.png */,
			);
			name = "Supporting Files";
			sourceTree = "<group>";
		};
		578D0DF216D505C1009478BF /* Images */ = {
			isa = PBXGroup;
			children = (
				578D0DF316D50634009478BF /* mushroom1.png */,
				577E253316E40881005A95AA /* mushroom1-hd.png */,
				577E254316E40A7D005A95AA /* mushroom1-ipad.png */,
				577E254416E40A7D005A95AA /* mushroom1-ipadhd.png */,
				578D0DF416D50634009478BF /* mushroom2.png */,
				577E253416E40881005A95AA /* mushroom2-hd.png */,
				577E254516E40A7E005A95AA /* mushroom2-ipad.png */,
				577E254616E40A7E005A95AA /* mushroom2-ipadhd.png */,
				578D0DF516D50634009478BF /* mushroom3.png */,
				577E253516E40881005A95AA /* mushroom3-hd.png */,
				577E254716E40A7F005A95AA /* mushroom3-ipad.png */,
				577E254816E40A7F005A95AA /* mushroom3-ipadhd.png */,
				578D0DF616D50634009478BF /* mushroom4.png */,
				577E253616E40881005A95AA /* mushroom4-hd.png */,
				577E254916E40A7F005A95AA /* mushroom4-ipad.png */,
				577E254A16E40A80005A95AA /* mushroom4-ipadhd.png */,
				578D0DF716D50634009478BF /* mushroom5.png */,
				577E253716E40881005A95AA /* mushroom5-hd.png */,
				577E254B16E40A80005A95AA /* mushroom5-ipad.png */,
				577E254C16E40A80005A95AA /* mushroom5-ipadhd.png */,
				57CCB36316E1F53100253B6A /* peach1.png */,
				577E253816E40881005A95AA /* peach1-hd.png */,
				577E254D16E40A81005A95AA /* peach1-ipad.png */,
				577E254E16E40A81005A95AA /* peach1-ipadhd.png */,
				57CCB36416E1F53100253B6A /* peach2.png */,
				577E253916E40881005A95AA /* peach2-hd.png */,
				577E254F16E40A81005A95AA /* peach2-ipad.png */,
				577E255016E40A82005A95AA /* peach2-ipadhd.png */,
				575E061E16ECCD910036FE41 /* peach3.png */,
				575E061B16ECCD910036FE41 /* peach3-hd.png */,
				575E061D16ECCD910036FE41 /* peach3-ipad.png */,
				575E061C16ECCD910036FE41 /* peach3-ipadhd.png */,
				577E252C16E308D2005A95AA /* background.png */,
				577E253116E40789005A95AA /* background-hd.png */,
				577E254116E40A7C005A95AA /* background-ipad.png */,
				577E254216E40A7C005A95AA /* background-ipadhd.png */,
				575E061316ECC7020036FE41 /* magicalClock.png */,
				575E061416ECC7020036FE41 /* magicalClock-ipadhd.png */,
				575E061516ECC7020036FE41 /* magicalClock-ipad.png */,
				575E061616ECC7020036FE41 /* magicalClock-hd.png */,
			);
			name = Images;
			sourceTree = "<group>";
		};
		57CCB36216E1EB7300253B6A /* View */ = {
			isa = PBXGroup;
			children = (
				578D0DEF16D5036F009478BF /* MKIntroLayer.h */,
				578D0DF016D5036F009478BF /* MKIntroLayer.m */,
				57C167B016D83A7100AF626F /* MKGameLayer.h */,
				57C167B116D83A7100AF626F /* MKGameLayer.m */,
				57CCB35C16E1E33D00253B6A /* MKGameInfoLayer.h */,
				57CCB35D16E1E33D00253B6A /* MKGameInfoLayer.m */,
				578D0DFD16D9F1FD009478BF /* MKItem.h */,
				578D0DFE16D9F1FD009478BF /* MKItem.m */,
				575E060A16E571520036FE41 /* MKSpecialItem.h */,
				575E060B16E571520036FE41 /* MKSpecialItem.m */,
				577E252E16E37EAE005A95AA /* MKGameResultLayer.h */,
				577E252F16E37EAE005A95AA /* MKGameResultLayer.m */,
				575E061016E6C2650036FE41 /* MKFreezeEffectLayer.h */,
				575E061116E6C2650036FE41 /* MKFreezeEffectLayer.m */,
			);
			name = View;
			sourceTree = "<group>";
		};
/* End PBXGroup section */

/* Begin PBXNativeTarget section */
		578D0DCB16D4FF6A009478BF /* momoKinokoGame */ = {
			isa = PBXNativeTarget;
			buildConfigurationList = 578D0DE916D4FF6A009478BF /* Build configuration list for PBXNativeTarget "momoKinokoGame" */;
			buildPhases = (
				578D0DC816D4FF6A009478BF /* Sources */,
				578D0DC916D4FF6A009478BF /* Frameworks */,
				578D0DCA16D4FF6A009478BF /* Resources */,
				6E2D7ADCFE194ECB9510405F /* Copy Pods Resources */,
			);
			buildRules = (
			);
			dependencies = (
			);
			name = momoKinokoGame;
			productName = momoKinokoGame;
			productReference = 578D0DCC16D4FF6A009478BF /* momoKinokoGame.app */;
			productType = "com.apple.product-type.application";
		};
/* End PBXNativeTarget section */

/* Begin PBXProject section */
		578D0DC416D4FF6A009478BF /* Project object */ = {
			isa = PBXProject;
			attributes = {
				CLASSPREFIX = MK;
				LastUpgradeCheck = 0460;
				ORGANIZATIONNAME = slightair;
			};
			buildConfigurationList = 578D0DC716D4FF6A009478BF /* Build configuration list for PBXProject "momoKinokoGame" */;
			compatibilityVersion = "Xcode 3.2";
			developmentRegion = English;
			hasScannedForEncodings = 0;
			knownRegions = (
				en,
			);
			mainGroup = 578D0DC316D4FF6A009478BF;
			productRefGroup = 578D0DCD16D4FF6A009478BF /* Products */;
			projectDirPath = "";
			projectRoot = "";
			targets = (
				578D0DCB16D4FF6A009478BF /* momoKinokoGame */,
			);
		};
/* End PBXProject section */

/* Begin PBXResourcesBuildPhase section */
		578D0DCA16D4FF6A009478BF /* Resources */ = {
			isa = PBXResourcesBuildPhase;
			buildActionMask = 2147483647;
			files = (
				578D0DDA16D4FF6A009478BF /* InfoPlist.strings in Resources */,
				578D0DE216D4FF6A009478BF /* Default.png in Resources */,
				578D0DE416D4FF6A009478BF /* Default@2x.png in Resources */,
				578D0DE616D4FF6A009478BF /* Default-568h@2x.png in Resources */,
				578D0DF816D50634009478BF /* mushroom1.png in Resources */,
				578D0DF916D50634009478BF /* mushroom2.png in Resources */,
				578D0DFA16D50634009478BF /* mushroom3.png in Resources */,
				578D0DFB16D50634009478BF /* mushroom4.png in Resources */,
				578D0DFC16D50634009478BF /* mushroom5.png in Resources */,
				57CCB36516E1F53100253B6A /* peach1.png in Resources */,
				57CCB36616E1F53100253B6A /* peach2.png in Resources */,
				577E252D16E308D2005A95AA /* background.png in Resources */,
				577E253216E40789005A95AA /* background-hd.png in Resources */,
				577E253A16E40881005A95AA /* mushroom1-hd.png in Resources */,
				577E253B16E40881005A95AA /* mushroom2-hd.png in Resources */,
				577E253C16E40881005A95AA /* mushroom3-hd.png in Resources */,
				577E253D16E40881005A95AA /* mushroom4-hd.png in Resources */,
				577E253E16E40881005A95AA /* mushroom5-hd.png in Resources */,
				577E253F16E40881005A95AA /* peach1-hd.png in Resources */,
				577E254016E40881005A95AA /* peach2-hd.png in Resources */,
				577E255116E40A82005A95AA /* background-ipad.png in Resources */,
				577E255216E40A82005A95AA /* background-ipadhd.png in Resources */,
				577E255316E40A82005A95AA /* mushroom1-ipad.png in Resources */,
				577E255416E40A82005A95AA /* mushroom1-ipadhd.png in Resources */,
				577E255516E40A82005A95AA /* mushroom2-ipad.png in Resources */,
				577E255616E40A82005A95AA /* mushroom2-ipadhd.png in Resources */,
				577E255716E40A82005A95AA /* mushroom3-ipad.png in Resources */,
				577E255816E40A82005A95AA /* mushroom3-ipadhd.png in Resources */,
				577E255916E40A82005A95AA /* mushroom4-ipad.png in Resources */,
				577E255A16E40A82005A95AA /* mushroom4-ipadhd.png in Resources */,
				577E255B16E40A82005A95AA /* mushroom5-ipad.png in Resources */,
				577E255C16E40A82005A95AA /* mushroom5-ipadhd.png in Resources */,
				577E255D16E40A82005A95AA /* peach1-ipad.png in Resources */,
				577E255E16E40A82005A95AA /* peach1-ipadhd.png in Resources */,
				577E255F16E40A82005A95AA /* peach2-ipad.png in Resources */,
				577E256016E40A82005A95AA /* peach2-ipadhd.png in Resources */,
				577E256516E414AD005A95AA /* Icon-72.png in Resources */,
				577E256616E414AD005A95AA /* Icon-72@2x.png in Resources */,
				577E256716E414AD005A95AA /* Icon.png in Resources */,
				577E256816E414AD005A95AA /* Icon@2x.png in Resources */,
				577E256B16E41999005A95AA /* Default-Portrait@2x~ipad.png in Resources */,
				577E256C16E41999005A95AA /* Default-Portrait~ipad.png in Resources */,
				577E256F16E41A31005A95AA /* Default-Landscape@2x~ipad.png in Resources */,
				577E257016E41A31005A95AA /* Default-Landscape~ipad.png in Resources */,
				575E061716ECC7020036FE41 /* magicalClock.png in Resources */,
				575E061816ECC7020036FE41 /* magicalClock-ipadhd.png in Resources */,
				575E061916ECC7020036FE41 /* magicalClock-ipad.png in Resources */,
				575E061A16ECC7020036FE41 /* magicalClock-hd.png in Resources */,
				575E061F16ECCD910036FE41 /* peach3-hd.png in Resources */,
				575E062016ECCD910036FE41 /* peach3-ipadhd.png in Resources */,
				575E062116ECCD910036FE41 /* peach3-ipad.png in Resources */,
				575E062216ECCD910036FE41 /* peach3.png in Resources */,
			);
			runOnlyForDeploymentPostprocessing = 0;
		};
/* End PBXResourcesBuildPhase section */

/* Begin PBXShellScriptBuildPhase section */
		6E2D7ADCFE194ECB9510405F /* Copy Pods Resources */ = {
			isa = PBXShellScriptBuildPhase;
			buildActionMask = 2147483647;
			files = (
			);
			inputPaths = (
			);
			name = "Copy Pods Resources";
			outputPaths = (
			);
			runOnlyForDeploymentPostprocessing = 0;
			shellPath = /bin/sh;
			shellScript = "\"${SRCROOT}/Pods/Pods-resources.sh\"\n";
		};
/* End PBXShellScriptBuildPhase section */

/* Begin PBXSourcesBuildPhase section */
		578D0DC816D4FF6A009478BF /* Sources */ = {
			isa = PBXSourcesBuildPhase;
			buildActionMask = 2147483647;
			files = (
				578D0DDC16D4FF6A009478BF /* main.m in Sources */,
				578D0DE016D4FF6A009478BF /* MKAppDelegate.m in Sources */,
				578D0DF116D5036F009478BF /* MKIntroLayer.m in Sources */,
				57C167B216D83A7100AF626F /* MKGameLayer.m in Sources */,
				578D0DFF16D9F1FD009478BF /* MKItem.m in Sources */,
				57CCB35E16E1E33D00253B6A /* MKGameInfoLayer.m in Sources */,
				57CCB36116E1EB6100253B6A /* MKGameEngine.m in Sources */,
				577E253016E37EAE005A95AA /* MKGameResultLayer.m in Sources */,
				575E060C16E571520036FE41 /* MKSpecialItem.m in Sources */,
				575E061216E6C2650036FE41 /* MKFreezeEffectLayer.m in Sources */,
			);
			runOnlyForDeploymentPostprocessing = 0;
		};
/* End PBXSourcesBuildPhase section */

/* Begin PBXVariantGroup section */
		578D0DD816D4FF6A009478BF /* InfoPlist.strings */ = {
			isa = PBXVariantGroup;
			children = (
				578D0DD916D4FF6A009478BF /* en */,
			);
			name = InfoPlist.strings;
			sourceTree = "<group>";
		};
/* End PBXVariantGroup section */

/* Begin XCBuildConfiguration section */
		575E062316ED5B3F0036FE41 /* Distribution */ = {
			isa = XCBuildConfiguration;
			buildSettings = {
				ALWAYS_SEARCH_USER_PATHS = NO;
				CLANG_CXX_LANGUAGE_STANDARD = "gnu++0x";
				CLANG_CXX_LIBRARY = "libc++";
				CLANG_ENABLE_OBJC_ARC = YES;
				CLANG_WARN_CONSTANT_CONVERSION = YES;
				CLANG_WARN_EMPTY_BODY = YES;
				CLANG_WARN_ENUM_CONVERSION = YES;
				CLANG_WARN_INT_CONVERSION = YES;
				CLANG_WARN__DUPLICATE_METHOD_MATCH = YES;
				CODE_SIGN_IDENTITY = "iPhone Distribution";
				"CODE_SIGN_IDENTITY[sdk=iphoneos*]" = "iPhone Distribution";
				COPY_PHASE_STRIP = YES;
				GCC_C_LANGUAGE_STANDARD = gnu99;
				GCC_WARN_ABOUT_RETURN_TYPE = YES;
				GCC_WARN_UNINITIALIZED_AUTOS = YES;
				GCC_WARN_UNUSED_VARIABLE = YES;
				IPHONEOS_DEPLOYMENT_TARGET = 6.0;
				OTHER_CFLAGS = "-DNS_BLOCK_ASSERTIONS=1";
				PROVISIONING_PROFILE = "";
				"PROVISIONING_PROFILE[sdk=iphoneos*]" = "";
				SDKROOT = iphoneos;
				TARGETED_DEVICE_FAMILY = "1,2";
				VALIDATE_PRODUCT = YES;
			};
			name = Distribution;
		};
		575E062416ED5B3F0036FE41 /* Distribution */ = {
			isa = XCBuildConfiguration;
			baseConfigurationReference = 13C6215F8E284E6B9DF6683C /* Pods.xcconfig */;
			buildSettings = {
				CODE_SIGN_IDENTITY = "iPhone Distribution";
				"CODE_SIGN_IDENTITY[sdk=iphoneos*]" = "iPhone Distribution";
				GCC_PRECOMPILE_PREFIX_HEADER = YES;
				GCC_PREFIX_HEADER = "momoKinokoGame/momoKinokoGame-Prefix.pch";
				INFOPLIST_FILE = "momoKinokoGame/momoKinokoGame-Info.plist";
				IPHONEOS_DEPLOYMENT_TARGET = 6.0;
				PRODUCT_NAME = "$(TARGET_NAME)";
				PROVISIONING_PROFILE = "";
				"PROVISIONING_PROFILE[sdk=iphoneos*]" = "";
				TARGETED_DEVICE_FAMILY = "1,2";
				WRAPPER_EXTENSION = app;
			};
			name = Distribution;
		};
		578D0DE716D4FF6A009478BF /* Debug */ = {
			isa = XCBuildConfiguration;
			buildSettings = {
				ALWAYS_SEARCH_USER_PATHS = NO;
				CLANG_CXX_LANGUAGE_STANDARD = "gnu++0x";
				CLANG_CXX_LIBRARY = "libc++";
				CLANG_ENABLE_OBJC_ARC = YES;
				CLANG_WARN_CONSTANT_CONVERSION = YES;
				CLANG_WARN_EMPTY_BODY = YES;
				CLANG_WARN_ENUM_CONVERSION = YES;
				CLANG_WARN_INT_CONVERSION = YES;
				CLANG_WARN__DUPLICATE_METHOD_MATCH = YES;
				"CODE_SIGN_IDENTITY[sdk=iphoneos*]" = "iPhone Developer";
				COPY_PHASE_STRIP = NO;
				GCC_C_LANGUAGE_STANDARD = gnu99;
				GCC_DYNAMIC_NO_PIC = NO;
				GCC_OPTIMIZATION_LEVEL = 0;
				GCC_PREPROCESSOR_DEFINITIONS = (
					"DEBUG=1",
					"$(inherited)",
				);
				GCC_SYMBOLS_PRIVATE_EXTERN = NO;
				GCC_WARN_ABOUT_RETURN_TYPE = YES;
				GCC_WARN_UNINITIALIZED_AUTOS = YES;
				GCC_WARN_UNUSED_VARIABLE = YES;
				IPHONEOS_DEPLOYMENT_TARGET = 6.0;
				ONLY_ACTIVE_ARCH = YES;
				OTHER_CFLAGS = "";
				SDKROOT = iphoneos;
				TARGETED_DEVICE_FAMILY = "1,2";
			};
			name = Debug;
		};
		578D0DE816D4FF6A009478BF /* Release */ = {
			isa = XCBuildConfiguration;
			buildSettings = {
				ALWAYS_SEARCH_USER_PATHS = NO;
				CLANG_CXX_LANGUAGE_STANDARD = "gnu++0x";
				CLANG_CXX_LIBRARY = "libc++";
				CLANG_ENABLE_OBJC_ARC = YES;
				CLANG_WARN_CONSTANT_CONVERSION = YES;
				CLANG_WARN_EMPTY_BODY = YES;
				CLANG_WARN_ENUM_CONVERSION = YES;
				CLANG_WARN_INT_CONVERSION = YES;
				CLANG_WARN__DUPLICATE_METHOD_MATCH = YES;
				"CODE_SIGN_IDENTITY[sdk=iphoneos*]" = "iPhone Developer";
				COPY_PHASE_STRIP = YES;
				GCC_C_LANGUAGE_STANDARD = gnu99;
				GCC_WARN_ABOUT_RETURN_TYPE = YES;
				GCC_WARN_UNINITIALIZED_AUTOS = YES;
				GCC_WARN_UNUSED_VARIABLE = YES;
				IPHONEOS_DEPLOYMENT_TARGET = 6.0;
				OTHER_CFLAGS = "-DNS_BLOCK_ASSERTIONS=1";
				SDKROOT = iphoneos;
				TARGETED_DEVICE_FAMILY = "1,2";
				VALIDATE_PRODUCT = YES;
			};
			name = Release;
		};
		578D0DEA16D4FF6A009478BF /* Debug */ = {
			isa = XCBuildConfiguration;
			baseConfigurationReference = 13C6215F8E284E6B9DF6683C /* Pods.xcconfig */;
			buildSettings = {
				GCC_PRECOMPILE_PREFIX_HEADER = YES;
				GCC_PREFIX_HEADER = "momoKinokoGame/momoKinokoGame-Prefix.pch";
				INFOPLIST_FILE = "momoKinokoGame/momoKinokoGame-Info.plist";
				IPHONEOS_DEPLOYMENT_TARGET = 6.0;
				PRODUCT_NAME = "$(TARGET_NAME)";
				TARGETED_DEVICE_FAMILY = "1,2";
				WRAPPER_EXTENSION = app;
			};
			name = Debug;
		};
		578D0DEB16D4FF6A009478BF /* Release */ = {
			isa = XCBuildConfiguration;
			baseConfigurationReference = 13C6215F8E284E6B9DF6683C /* Pods.xcconfig */;
			buildSettings = {
				GCC_PRECOMPILE_PREFIX_HEADER = YES;
				GCC_PREFIX_HEADER = "momoKinokoGame/momoKinokoGame-Prefix.pch";
				INFOPLIST_FILE = "momoKinokoGame/momoKinokoGame-Info.plist";
				IPHONEOS_DEPLOYMENT_TARGET = 6.0;
				PRODUCT_NAME = "$(TARGET_NAME)";
				TARGETED_DEVICE_FAMILY = "1,2";
				WRAPPER_EXTENSION = app;
			};
			name = Release;
		};
		57D4E4D716E0E7E300D112F3 /* TestFlight */ = {
			isa = XCBuildConfiguration;
			buildSettings = {
				ALWAYS_SEARCH_USER_PATHS = NO;
				CLANG_CXX_LANGUAGE_STANDARD = "gnu++0x";
				CLANG_CXX_LIBRARY = "libc++";
				CLANG_ENABLE_OBJC_ARC = YES;
				CLANG_WARN_CONSTANT_CONVERSION = YES;
				CLANG_WARN_EMPTY_BODY = YES;
				CLANG_WARN_ENUM_CONVERSION = YES;
				CLANG_WARN_INT_CONVERSION = YES;
				CLANG_WARN__DUPLICATE_METHOD_MATCH = YES;
				"CODE_SIGN_IDENTITY[sdk=iphoneos*]" = "iPhone Developer";
				COPY_PHASE_STRIP = YES;
				GCC_C_LANGUAGE_STANDARD = gnu99;
				GCC_PREPROCESSOR_DEFINITIONS = "TESTFLIGHT=1";
				GCC_WARN_ABOUT_RETURN_TYPE = YES;
				GCC_WARN_UNINITIALIZED_AUTOS = YES;
				GCC_WARN_UNUSED_VARIABLE = YES;
				IPHONEOS_DEPLOYMENT_TARGET = 6.0;
				OTHER_CFLAGS = "-DNS_BLOCK_ASSERTIONS=1";
				SDKROOT = iphoneos;
				TARGETED_DEVICE_FAMILY = "1,2";
				VALIDATE_PRODUCT = YES;
			};
			name = TestFlight;
		};
		57D4E4D816E0E7E300D112F3 /* TestFlight */ = {
			isa = XCBuildConfiguration;
			baseConfigurationReference = 13C6215F8E284E6B9DF6683C /* Pods.xcconfig */;
			buildSettings = {
				GCC_PRECOMPILE_PREFIX_HEADER = YES;
				GCC_PREFIX_HEADER = "momoKinokoGame/momoKinokoGame-Prefix.pch";
				INFOPLIST_FILE = "momoKinokoGame/momoKinokoGame-Info.plist";
				IPHONEOS_DEPLOYMENT_TARGET = 6.0;
				PRODUCT_NAME = "$(TARGET_NAME)";
				TARGETED_DEVICE_FAMILY = "1,2";
				WRAPPER_EXTENSION = app;
			};
			name = TestFlight;
		};
/* End XCBuildConfiguration section */

/* Begin XCConfigurationList section */
		578D0DC716D4FF6A009478BF /* Build configuration list for PBXProject "momoKinokoGame" */ = {
			isa = XCConfigurationList;
			buildConfigurations = (
				578D0DE716D4FF6A009478BF /* Debug */,
				578D0DE816D4FF6A009478BF /* Release */,
				575E062316ED5B3F0036FE41 /* Distribution */,
				57D4E4D716E0E7E300D112F3 /* TestFlight */,
			);
			defaultConfigurationIsVisible = 0;
			defaultConfigurationName = Release;
		};
		578D0DE916D4FF6A009478BF /* Build configuration list for PBXNativeTarget "momoKinokoGame" */ = {
			isa = XCConfigurationList;
			buildConfigurations = (
				578D0DEA16D4FF6A009478BF /* Debug */,
				578D0DEB16D4FF6A009478BF /* Release */,
				575E062416ED5B3F0036FE41 /* Distribution */,
				57D4E4D816E0E7E300D112F3 /* TestFlight */,
			);
			defaultConfigurationIsVisible = 0;
			defaultConfigurationName = Release;
		};
/* End XCConfigurationList section */
	};
	rootObject = 578D0DC416D4FF6A009478BF /* Project object */;
}
